<Solution>
  <Folder Name="/Docker/">
    <File Path="docker-compose.yml" />
  </Folder>
  <Project Path="MarcasAutos.Domain/MarcasAutos.Domain.csproj" />
  <Project Path="MarcasAutos.Infrastructure/MarcasAutos.Infrastructure.csproj" />
  <Project Path="MarcasAutos/MarcasAutos.csproj" />
  <Project Path="TestApplication/TestApplication.csproj" />
</Solution>
